
Microsoft Visual Studio Solution File, Format Version 12.00
# Visual Studio Version 17
VisualStudioVersion = 17.11.35327.3
MinimumVisualStudioVersion = 10.0.40219.1
Project("{FAE04EC0-301F-11D3-BF4B-00C04F79EFBC}") = "rent a car", "rent a car\rent a car.csproj", "{62C2B26B-2FE7-4530-AAF8-A8A941E5B64E}"
EndProject
Global
	GlobalSection(SolutionConfigurationPlatforms) = preSolution
		Debug|Any CPU = Debug|Any CPU
		Release|Any CPU = Release|Any CPU
	EndGlobalSection
	GlobalSection(ProjectConfigurationPlatforms) = postSolution
		{62C2B26B-2FE7-4530-AAF8-A8A941E5B64E}.Debug|Any CPU.ActiveCfg = Debug|Any CPU
		{62C2B26B-2FE7-4530-AAF8-A8A941E5B64E}.Debug|Any CPU.Build.0 = Debug|Any CPU
		{62C2B26B-2FE7-4530-AAF8-A8A941E5B64E}.Release|Any CPU.ActiveCfg = Release|Any CPU
		{62C2B26B-2FE7-4530-AAF8-A8A941E5B64E}.Release|Any CPU.Build.0 = Release|Any CPU
	EndGlobalSection
	GlobalSection(SolutionProperties) = preSolution
		HideSolutionNode = FALSE
	EndGlobalSection
	GlobalSection(ExtensibilityGlobals) = postSolution
		SolutionGuid = {6E573168-0CC3-4780-91C9-3C065CB8A0D5}
	EndGlobalSection
EndGlobal
